
Microsoft Visual Studio Solution File, Format Version 12.00
# Visual Studio 15
VisualStudioVersion = 15.0.28307.421
MinimumVisualStudioVersion = 10.0.40219.1
Project("{FAE04EC0-301F-11D3-BF4B-00C04F79EFBC}") = "JobEstimate", "JobEstimate\JobEstimate.csproj", "{2AA62892-871B-48AC-8FAA-B826BA971052}"
EndProject
Global
	GlobalSection(SolutionConfigurationPlatforms) = preSolution
		Debug|Any CPU = Debug|Any CPU
		Release|Any CPU = Release|Any CPU
	EndGlobalSection
	GlobalSection(ProjectConfigurationPlatforms) = postSolution
		{2AA62892-871B-48AC-8FAA-B826BA971052}.Debug|Any CPU.ActiveCfg = Debug|Any CPU
		{2AA62892-871B-48AC-8FAA-B826BA971052}.Debug|Any CPU.Build.0 = Debug|Any CPU
		{2AA62892-871B-48AC-8FAA-B826BA971052}.Release|Any CPU.ActiveCfg = Release|Any CPU
		{2AA62892-871B-48AC-8FAA-B826BA971052}.Release|Any CPU.Build.0 = Release|Any CPU
	EndGlobalSection
	GlobalSection(SolutionProperties) = preSolution
		HideSolutionNode = FALSE
	EndGlobalSection
	GlobalSection(ExtensibilityGlobals) = postSolution
		SolutionGuid = {F0A2CCD9-F14B-4EC3-908E-607C89A8F3F5}
	EndGlobalSection
EndGlobal
