
Microsoft Visual Studio Solution File, Format Version 12.00
# Visual Studio 15
VisualStudioVersion = 15.0.28307.168
MinimumVisualStudioVersion = 10.0.40219.1
Project("{FAE04EC0-301F-11D3-BF4B-00C04F79EFBC}") = "TipCalculation", "TipCalculation\TipCalculation.csproj", "{D1B2605B-3A62-437B-884E-26B2B89FC753}"
EndProject
Global
	GlobalSection(SolutionConfigurationPlatforms) = preSolution
		Debug|Any CPU = Debug|Any CPU
		Release|Any CPU = Release|Any CPU
	EndGlobalSection
	GlobalSection(ProjectConfigurationPlatforms) = postSolution
		{D1B2605B-3A62-437B-884E-26B2B89FC753}.Debug|Any CPU.ActiveCfg = Debug|Any CPU
		{D1B2605B-3A62-437B-884E-26B2B89FC753}.Debug|Any CPU.Build.0 = Debug|Any CPU
		{D1B2605B-3A62-437B-884E-26B2B89FC753}.Release|Any CPU.ActiveCfg = Release|Any CPU
		{D1B2605B-3A62-437B-884E-26B2B89FC753}.Release|Any CPU.Build.0 = Release|Any CPU
	EndGlobalSection
	GlobalSection(SolutionProperties) = preSolution
		HideSolutionNode = FALSE
	EndGlobalSection
	GlobalSection(ExtensibilityGlobals) = postSolution
		SolutionGuid = {61F19FB2-260D-4641-88B3-78ECCFDD4E25}
	EndGlobalSection
EndGlobal
