
Microsoft Visual Studio Solution File, Format Version 12.00
# Visual Studio 15
VisualStudioVersion = 15.0.28307.168
MinimumVisualStudioVersion = 10.0.40219.1
Project("{FAE04EC0-301F-11D3-BF4B-00C04F79EFBC}") = "DisplayMultiplicationTable", "DisplayMultiplicationTable\DisplayMultiplicationTable.csproj", "{92D56E31-0630-407A-9F68-8BE777315077}"
EndProject
Global
	GlobalSection(SolutionConfigurationPlatforms) = preSolution
		Debug|Any CPU = Debug|Any CPU
		Release|Any CPU = Release|Any CPU
	EndGlobalSection
	GlobalSection(ProjectConfigurationPlatforms) = postSolution
		{92D56E31-0630-407A-9F68-8BE777315077}.Debug|Any CPU.ActiveCfg = Debug|Any CPU
		{92D56E31-0630-407A-9F68-8BE777315077}.Debug|Any CPU.Build.0 = Debug|Any CPU
		{92D56E31-0630-407A-9F68-8BE777315077}.Release|Any CPU.ActiveCfg = Release|Any CPU
		{92D56E31-0630-407A-9F68-8BE777315077}.Release|Any CPU.Build.0 = Release|Any CPU
	EndGlobalSection
	GlobalSection(SolutionProperties) = preSolution
		HideSolutionNode = FALSE
	EndGlobalSection
	GlobalSection(ExtensibilityGlobals) = postSolution
		SolutionGuid = {74AE2D83-5742-4216-8510-039101608C59}
	EndGlobalSection
EndGlobal
